
Microsoft Visual Studio Solution File, Format Version 12.00
# Visual Studio Version 17
VisualStudioVersion = 17.2.32630.192
MinimumVisualStudioVersion = 10.0.40219.1
Project("{9A19103F-16F7-4668-BE54-9A1E7A4F7556}") = "DemoApi", "src\DemoApi.csproj", "{597B013A-9A4E-489A-846C-7A5BE460C1D5}"
EndProject
Global
	GlobalSection(SolutionConfigurationPlatforms) = preSolution
		Debug|Any CPU = Debug|Any CPU
		Release|Any CPU = Release|Any CPU
	EndGlobalSection
	GlobalSection(ProjectConfigurationPlatforms) = postSolution
		{597B013A-9A4E-489A-846C-7A5BE460C1D5}.Debug|Any CPU.ActiveCfg = Debug|Any CPU
		{597B013A-9A4E-489A-846C-7A5BE460C1D5}.Debug|Any CPU.Build.0 = Debug|Any CPU
		{597B013A-9A4E-489A-846C-7A5BE460C1D5}.Release|Any CPU.ActiveCfg = Release|Any CPU
		{597B013A-9A4E-489A-846C-7A5BE460C1D5}.Release|Any CPU.Build.0 = Release|Any CPU
	EndGlobalSection
	GlobalSection(SolutionProperties) = preSolution
		HideSolutionNode = FALSE
	EndGlobalSection
	GlobalSection(ExtensibilityGlobals) = postSolution
		SolutionGuid = {3A2F03A5-80B3-47B5-879A-6DE5BD1D945B}
	EndGlobalSection
EndGlobal
